// !$*UTF8*$!
{
	archiveVersion = 1;
	classes = {
	};
	objectVersion = 56;
	objects = {

/* Begin PBXBuildFile section */
		78A5D7D72C82D5FB0021DB61 /* MathQuizApp.swift in Sources */ = {isa = PBXBuildFile; fileRef = 78A5D7D62C82D5FB0021DB61 /* MathQuizApp.swift */; };
		78A5D7D92C82D5FB0021DB61 /* ContentView.swift in Sources */ = {isa = PBXBuildFile; fileRef = 78A5D7D82C82D5FB0021DB61 /* ContentView.swift */; };
		78A5D7DB2C82D5FE0021DB61 /* Assets.xcassets in Resources */ = {isa = PBXBuildFile; fileRef = 78A5D7DA2C82D5FE0021DB61 /* Assets.xcassets */; };
		78A5D7DE2C82D5FE0021DB61 /* Preview Assets.xcassets in Resources */ = {isa = PBXBuildFile; fileRef = 78A5D7DD2C82D5FE0021DB61 /* Preview Assets.xcassets */; };
		78A5D7E82C82D5FE0021DB61 /* MathQuizTests.swift in Sources */ = {isa = PBXBuildFile; fileRef = 78A5D7E72C82D5FE0021DB61 /* MathQuizTests.swift */; };
		78A5D7F22C82D5FF0021DB61 /* MathQuizUITests.swift in Sources */ = {isa = PBXBuildFile; fileRef = 78A5D7F12C82D5FF0021DB61 /* MathQuizUITests.swift */; };
		78A5D7F42C82D5FF0021DB61 /* MathQuizUITestsLaunchTests.swift in Sources */ = {isa = PBXBuildFile; fileRef = 78A5D7F32C82D5FF0021DB61 /* MathQuizUITestsLaunchTests.swift */; };
/* End PBXBuildFile section */

/* Begin PBXContainerItemProxy section */
		78A5D7E42C82D5FE0021DB61 /* PBXContainerItemProxy */ = {
			isa = PBXContainerItemProxy;
			containerPortal = 78A5D7CB2C82D5FA0021DB61 /* Project object */;
			proxyType = 1;
			remoteGlobalIDString = 78A5D7D22C82D5FB0021DB61;
			remoteInfo = MathQuiz;
		};
		78A5D7EE2C82D5FF0021DB61 /* PBXContainerItemProxy */ = {
			isa = PBXContainerItemProxy;
			containerPortal = 78A5D7CB2C82D5FA0021DB61 /* Project object */;
			proxyType = 1;
			remoteGlobalIDString = 78A5D7D22C82D5FB0021DB61;
			remoteInfo = MathQuiz;
		};
/* End PBXContainerItemProxy section */

/* Begin PBXFileReference section */
		78A5D7D32C82D5FB0021DB61 /* MathQuiz.app */ = {isa = PBXFileReference; explicitFileType = wrapper.application; includeInIndex = 0; path = MathQuiz.app; sourceTree = BUILT_PRODUCTS_DIR; };
		78A5D7D62C82D5FB0021DB61 /* MathQuizApp.swift */ = {isa = PBXFileReference; lastKnownFileType = sourcecode.swift; path = MathQuizApp.swift; sourceTree = "<group>"; };
		78A5D7D82C82D5FB0021DB61 /* ContentView.swift */ = {isa = PBXFileReference; lastKnownFileType = sourcecode.swift; path = ContentView.swift; sourceTree = "<group>"; };
		78A5D7DA2C82D5FE0021DB61 /* Assets.xcassets */ = {isa = PBXFileReference; lastKnownFileType = folder.assetcatalog; path = Assets.xcassets; sourceTree = "<group>"; };
		78A5D7DD2C82D5FE0021DB61 /* Preview Assets.xcassets */ = {isa = PBXFileReference; lastKnownFileType = folder.assetcatalog; path = "Preview Assets.xcassets"; sourceTree = "<group>"; };
		78A5D7E32C82D5FE0021DB61 /* MathQuizTests.xctest */ = {isa = PBXFileReference; explicitFileType = wrapper.cfbundle; includeInIndex = 0; path = MathQuizTests.xctest; sourceTree = BUILT_PRODUCTS_DIR; };
		78A5D7E72C82D5FE0021DB61 /* MathQuizTests.swift */ = {isa = PBXFileReference; lastKnownFileType = sourcecode.swift; path = MathQuizTests.swift; sourceTree = "<group>"; };
		78A5D7ED2C82D5FF0021DB61 /* MathQuizUITests.xctest */ = {isa = PBXFileReference; explicitFileType = wrapper.cfbundle; includeInIndex = 0; path = MathQuizUITests.xctest; sourceTree = BUILT_PRODUCTS_DIR; };
		78A5D7F12C82D5FF0021DB61 /* MathQuizUITests.swift */ = {isa = PBXFileReference; lastKnownFileType = sourcecode.swift; path = MathQuizUITests.swift; sourceTree = "<group>"; };
		78A5D7F32C82D5FF0021DB61 /* MathQuizUITestsLaunchTests.swift */ = {isa = PBXFileReference; lastKnownFileType = sourcecode.swift; path = MathQuizUITestsLaunchTests.swift; sourceTree = "<group>"; };
/* End PBXFileReference section */

/* Begin PBXFrameworksBuildPhase section */
		78A5D7D02C82D5FB0021DB61 /* Frameworks */ = {
			isa = PBXFrameworksBuildPhase;
			buildActionMask = 2147483647;
			files = (
			);
			runOnlyForDeploymentPostprocessing = 0;
		};
		78A5D7E02C82D5FE0021DB61 /* Frameworks */ = {
			isa = PBXFrameworksBuildPhase;
			buildActionMask = 2147483647;
			files = (
			);
			runOnlyForDeploymentPostprocessing = 0;
		};
		78A5D7EA2C82D5FE0021DB61 /* Frameworks */ = {
			isa = PBXFrameworksBuildPhase;
			buildActionMask = 2147483647;
			files = (
			);
			runOnlyForDeploymentPostprocessing = 0;
		};
/* End PBXFrameworksBuildPhase section */

/* Begin PBXGroup section */
		78A5D7CA2C82D5FA0021DB61 = {
			isa = PBXGroup;
			children = (
				78A5D7D52C82D5FB0021DB61 /* MathQuiz */,
				78A5D7E62C82D5FE0021DB61 /* MathQuizTests */,
				78A5D7F02C82D5FF0021DB61 /* MathQuizUITests */,
				78A5D7D42C82D5FB0021DB61 /* Products */,
			);
			sourceTree = "<group>";
		};
		78A5D7D42C82D5FB0021DB61 /* Products */ = {
			isa = PBXGroup;
			children = (
				78A5D7D32C82D5FB0021DB61 /* MathQuiz.app */,
				78A5D7E32C82D5FE0021DB61 /* MathQuizTests.xctest */,
				78A5D7ED2C82D5FF0021DB61 /* MathQuizUITests.xctest */,
			);
			name = Products;
			sourceTree = "<group>";
		};
		78A5D7D52C82D5FB0021DB61 /* MathQuiz */ = {
			isa = PBXGroup;
			children = (
				78A5D7D62C82D5FB0021DB61 /* MathQuizApp.swift */,
				78A5D7D82C82D5FB0021DB61 /* ContentView.swift */,
				78A5D7DA2C82D5FE0021DB61 /* Assets.xcassets */,
				78A5D7DC2C82D5FE0021DB61 /* Preview Content */,
			);
			path = MathQuiz;
			sourceTree = "<group>";
		};
		78A5D7DC2C82D5FE0021DB61 /* Preview Content */ = {
			isa = PBXGroup;
			children = (
				78A5D7DD2C82D5FE0021DB61 /* Preview Assets.xcassets */,
			);
			path = "Preview Content";
			sourceTree = "<group>";
		};
		78A5D7E62C82D5FE0021DB61 /* MathQuizTests */ = {
			isa = PBXGroup;
			children = (
				78A5D7E72C82D5FE0021DB61 /* MathQuizTests.swift */,
			);
			path = MathQuizTests;
			sourceTree = "<group>";
		};
		78A5D7F02C82D5FF0021DB61 /* MathQuizUITests */ = {
			isa = PBXGroup;
			children = (
				78A5D7F12C82D5FF0021DB61 /* MathQuizUITests.swift */,
				78A5D7F32C82D5FF0021DB61 /* MathQuizUITestsLaunchTests.swift */,
			);
			path = MathQuizUITests;
			sourceTree = "<group>";
		};
/* End PBXGroup section */

/* Begin PBXNativeTarget section */
		78A5D7D22C82D5FB0021DB61 /* MathQuiz */ = {
			isa = PBXNativeTarget;
			buildConfigurationList = 78A5D7F72C82D5FF0021DB61 /* Build configuration list for PBXNativeTarget "MathQuiz" */;
			buildPhases = (
				78A5D7CF2C82D5FB0021DB61 /* Sources */,
				78A5D7D02C82D5FB0021DB61 /* Frameworks */,
				78A5D7D12C82D5FB0021DB61 /* Resources */,
			);
			buildRules = (
			);
			dependencies = (
			);
			name = MathQuiz;
			productName = MathQuiz;
			productReference = 78A5D7D32C82D5FB0021DB61 /* MathQuiz.app */;
			productType = "com.apple.product-type.application";
		};
		78A5D7E22C82D5FE0021DB61 /* MathQuizTests */ = {
			isa = PBXNativeTarget;
			buildConfigurationList = 78A5D7FA2C82D5FF0021DB61 /* Build configuration list for PBXNativeTarget "MathQuizTests" */;
			buildPhases = (
				78A5D7DF2C82D5FE0021DB61 /* Sources */,
				78A5D7E02C82D5FE0021DB61 /* Frameworks */,
				78A5D7E12C82D5FE0021DB61 /* Resources */,
			);
			buildRules = (
			);
			dependencies = (
				78A5D7E52C82D5FE0021DB61 /* PBXTargetDependency */,
			);
			name = MathQuizTests;
			productName = MathQuizTests;
			productReference = 78A5D7E32C82D5FE0021DB61 /* MathQuizTests.xctest */;
			productType = "com.apple.product-type.bundle.unit-test";
		};
		78A5D7EC2C82D5FE0021DB61 /* MathQuizUITests */ = {
			isa = PBXNativeTarget;
			buildConfigurationList = 78A5D7FD2C82D5FF0021DB61 /* Build configuration list for PBXNativeTarget "MathQuizUITests" */;
			buildPhases = (
				78A5D7E92C82D5FE0021DB61 /* Sources */,
				78A5D7EA2C82D5FE0021DB61 /* Frameworks */,
				78A5D7EB2C82D5FE0021DB61 /* Resources */,
			);
			buildRules = (
			);
			dependencies = (
				78A5D7EF2C82D5FF0021DB61 /* PBXTargetDependency */,
			);
			name = MathQuizUITests;
			productName = MathQuizUITests;
			productReference = 78A5D7ED2C82D5FF0021DB61 /* MathQuizUITests.xctest */;
			productType = "com.apple.product-type.bundle.ui-testing";
		};
/* End PBXNativeTarget section */

/* Begin PBXProject section */
		78A5D7CB2C82D5FA0021DB61 /* Project object */ = {
			isa = PBXProject;
			attributes = {
				BuildIndependentTargetsInParallel = 1;
				LastSwiftUpdateCheck = 1540;
				LastUpgradeCheck = 1540;
				TargetAttributes = {
					78A5D7D22C82D5FB0021DB61 = {
						CreatedOnToolsVersion = 15.4;
					};
					78A5D7E22C82D5FE0021DB61 = {
						CreatedOnToolsVersion = 15.4;
						TestTargetID = 78A5D7D22C82D5FB0021DB61;
					};
					78A5D7EC2C82D5FE0021DB61 = {
						CreatedOnToolsVersion = 15.4;
						TestTargetID = 78A5D7D22C82D5FB0021DB61;
					};
				};
			};
			buildConfigurationList = 78A5D7CE2C82D5FA0021DB61 /* Build configuration list for PBXProject "MathQuiz" */;
			compatibilityVersion = "Xcode 14.0";
			developmentRegion = en;
			hasScannedForEncodings = 0;
			knownRegions = (
				en,
				Base,
			);
			mainGroup = 78A5D7CA2C82D5FA0021DB61;
			productRefGroup = 78A5D7D42C82D5FB0021DB61 /* Products */;
			projectDirPath = "";
			projectRoot = "";
			targets = (
				78A5D7D22C82D5FB0021DB61 /* MathQuiz */,
				78A5D7E22C82D5FE0021DB61 /* MathQuizTests */,
				78A5D7EC2C82D5FE0021DB61 /* MathQuizUITests */,
			);
		};
/* End PBXProject section */

/* Begin PBXResourcesBuildPhase section */
		78A5D7D12C82D5FB0021DB61 /* Resources */ = {
			isa = PBXResourcesBuildPhase;
			buildActionMask = 2147483647;
			files = (
				78A5D7DE2C82D5FE0021DB61 /* Preview Assets.xcassets in Resources */,
				78A5D7DB2C82D5FE0021DB61 /* Assets.xcassets in Resources */,
			);
			runOnlyForDeploymentPostprocessing = 0;
		};
		78A5D7E12C82D5FE0021DB61 /* Resources */ = {
			isa = PBXResourcesBuildPhase;
			buildActionMask = 2147483647;
			files = (
			);
			runOnlyForDeploymentPostprocessing = 0;
		};
		78A5D7EB2C82D5FE0021DB61 /* Resources */ = {
			isa = PBXResourcesBuildPhase;
			buildActionMask = 2147483647;
			files = (
			);
			runOnlyForDeploymentPostprocessing = 0;
		};
/* End PBXResourcesBuildPhase section */

/* Begin PBXSourcesBuildPhase section */
		78A5D7CF2C82D5FB0021DB61 /* Sources */ = {
			isa = PBXSourcesBuildPhase;
			buildActionMask = 2147483647;
			files = (
				78A5D7D92C82D5FB0021DB61 /* ContentView.swift in Sources */,
				78A5D7D72C82D5FB0021DB61 /* MathQuizApp.swift in Sources */,
			);
			runOnlyForDeploymentPostprocessing = 0;
		};
		78A5D7DF2C82D5FE0021DB61 /* Sources */ = {
			isa = PBXSourcesBuildPhase;
			buildActionMask = 2147483647;
			files = (
				78A5D7E82C82D5FE0021DB61 /* MathQuizTests.swift in Sources */,
			);
			runOnlyForDeploymentPostprocessing = 0;
		};
		78A5D7E92C82D5FE0021DB61 /* Sources */ = {
			isa = PBXSourcesBuildPhase;
			buildActionMask = 2147483647;
			files = (
				78A5D7F42C82D5FF0021DB61 /* MathQuizUITestsLaunchTests.swift in Sources */,
				78A5D7F22C82D5FF0021DB61 /* MathQuizUITests.swift in Sources */,
			);
			runOnlyForDeploymentPostprocessing = 0;
		};
/* End PBXSourcesBuildPhase section */

/* Begin PBXTargetDependency section */
		78A5D7E52C82D5FE0021DB61 /* PBXTargetDependency */ = {
			isa = PBXTargetDependency;
			target = 78A5D7D22C82D5FB0021DB61 /* MathQuiz */;
			targetProxy = 78A5D7E42C82D5FE0021DB61 /* PBXContainerItemProxy */;
		};
		78A5D7EF2C82D5FF0021DB61 /* PBXTargetDependency */ = {
			isa = PBXTargetDependency;
			target = 78A5D7D22C82D5FB0021DB61 /* MathQuiz */;
			targetProxy = 78A5D7EE2C82D5FF0021DB61 /* PBXContainerItemProxy */;
		};
/* End PBXTargetDependency section */

/* Begin XCBuildConfiguration section */
		78A5D7F52C82D5FF0021DB61 /* Debug */ = {
			isa = XCBuildConfiguration;
			buildSettings = {
				ALWAYS_SEARCH_USER_PATHS = NO;
				ASSETCATALOG_COMPILER_GENERATE_SWIFT_ASSET_SYMBOL_EXTENSIONS = YES;
				CLANG_ANALYZER_NONNULL = YES;
				CLANG_ANALYZER_NUMBER_OBJECT_CONVERSION = YES_AGGRESSIVE;
				CLANG_CXX_LANGUAGE_STANDARD = "gnu++20";
				CLANG_ENABLE_MODULES = YES;
				CLANG_ENABLE_OBJC_ARC = YES;
				CLANG_ENABLE_OBJC_WEAK = YES;
				CLANG_WARN_BLOCK_CAPTURE_AUTORELEASING = YES;
				CLANG_WARN_BOOL_CONVERSION = YES;
				CLANG_WARN_COMMA = YES;
				CLANG_WARN_CONSTANT_CONVERSION = YES;
				CLANG_WARN_DEPRECATED_OBJC_IMPLEMENTATIONS = YES;
				CLANG_WARN_DIRECT_OBJC_ISA_USAGE = YES_ERROR;
				CLANG_WARN_DOCUMENTATION_COMMENTS = YES;
				CLANG_WARN_EMPTY_BODY = YES;
				CLANG_WARN_ENUM_CONVERSION = YES;
				CLANG_WARN_INFINITE_RECURSION = YES;
				CLANG_WARN_INT_CONVERSION = YES;
				CLANG_WARN_NON_LITERAL_NULL_CONVERSION = YES;
				CLANG_WARN_OBJC_IMPLICIT_RETAIN_SELF = YES;
				CLANG_WARN_OBJC_LITERAL_CONVERSION = YES;
				CLANG_WARN_OBJC_ROOT_CLASS = YES_ERROR;
				CLANG_WARN_QUOTED_INCLUDE_IN_FRAMEWORK_HEADER = YES;
				CLANG_WARN_RANGE_LOOP_ANALYSIS = YES;
				CLANG_WARN_STRICT_PROTOTYPES = YES;
				CLANG_WARN_SUSPICIOUS_MOVE = YES;
				CLANG_WARN_UNGUARDED_AVAILABILITY = YES_AGGRESSIVE;
				CLANG_WARN_UNREACHABLE_CODE = YES;
				CLANG_WARN__DUPLICATE_METHOD_MATCH = YES;
				COPY_PHASE_STRIP = NO;
				DEBUG_INFORMATION_FORMAT = dwarf;
				ENABLE_STRICT_OBJC_MSGSEND = YES;
				ENABLE_TESTABILITY = YES;
				ENABLE_USER_SCRIPT_SANDBOXING = YES;
				GCC_C_LANGUAGE_STANDARD = gnu17;
				GCC_DYNAMIC_NO_PIC = NO;
				GCC_NO_COMMON_BLOCKS = YES;
				GCC_OPTIMIZATION_LEVEL = 0;
				GCC_PREPROCESSOR_DEFINITIONS = (
					"DEBUG=1",
					"$(inherited)",
				);
				GCC_WARN_64_TO_32_BIT_CONVERSION = YES;
				GCC_WARN_ABOUT_RETURN_TYPE = YES_ERROR;
				GCC_WARN_UNDECLARED_SELECTOR = YES;
				GCC_WARN_UNINITIALIZED_AUTOS = YES_AGGRESSIVE;
				GCC_WARN_UNUSED_FUNCTION = YES;
				GCC_WARN_UNUSED_VARIABLE = YES;
				IPHONEOS_DEPLOYMENT_TARGET = 17.5;
				LOCALIZATION_PREFERS_STRING_CATALOGS = YES;
				MTL_ENABLE_DEBUG_INFO = INCLUDE_SOURCE;
				MTL_FAST_MATH = YES;
				ONLY_ACTIVE_ARCH = YES;
				SDKROOT = iphoneos;
				SWIFT_ACTIVE_COMPILATION_CONDITIONS = "DEBUG $(inherited)";
				SWIFT_OPTIMIZATION_LEVEL = "-Onone";
			};
			name = Debug;
		};
		78A5D7F62C82D5FF0021DB61 /* Release */ = {
			isa = XCBuildConfiguration;
			buildSettings = {
				ALWAYS_SEARCH_USER_PATHS = NO;
				ASSETCATALOG_COMPILER_GENERATE_SWIFT_ASSET_SYMBOL_EXTENSIONS = YES;
				CLANG_ANALYZER_NONNULL = YES;
				CLANG_ANALYZER_NUMBER_OBJECT_CONVERSION = YES_AGGRESSIVE;
				CLANG_CXX_LANGUAGE_STANDARD = "gnu++20";
				CLANG_ENABLE_MODULES = YES;
				CLANG_ENABLE_OBJC_ARC = YES;
				CLANG_ENABLE_OBJC_WEAK = YES;
				CLANG_WARN_BLOCK_CAPTURE_AUTORELEASING = YES;
				CLANG_WARN_BOOL_CONVERSION = YES;
				CLANG_WARN_COMMA = YES;
				CLANG_WARN_CONSTANT_CONVERSION = YES;
				CLANG_WARN_DEPRECATED_OBJC_IMPLEMENTATIONS = YES;
				CLANG_WARN_DIRECT_OBJC_ISA_USAGE = YES_ERROR;
				CLANG_WARN_DOCUMENTATION_COMMENTS = YES;
				CLANG_WARN_EMPTY_BODY = YES;
				CLANG_WARN_ENUM_CONVERSION = YES;
				CLANG_WARN_INFINITE_RECURSION = YES;
				CLANG_WARN_INT_CONVERSION = YES;
				CLANG_WARN_NON_LITERAL_NULL_CONVERSION = YES;
				CLANG_WARN_OBJC_IMPLICIT_RETAIN_SELF = YES;
				CLANG_WARN_OBJC_LITERAL_CONVERSION = YES;
				CLANG_WARN_OBJC_ROOT_CLASS = YES_ERROR;
				CLANG_WARN_QUOTED_INCLUDE_IN_FRAMEWORK_HEADER = YES;
				CLANG_WARN_RANGE_LOOP_ANALYSIS = YES;
				CLANG_WARN_STRICT_PROTOTYPES = YES;
				CLANG_WARN_SUSPICIOUS_MOVE = YES;
				CLANG_WARN_UNGUARDED_AVAILABILITY = YES_AGGRESSIVE;
				CLANG_WARN_UNREACHABLE_CODE = YES;
				CLANG_WARN__DUPLICATE_METHOD_MATCH = YES;
				COPY_PHASE_STRIP = NO;
				DEBUG_INFORMATION_FORMAT = "dwarf-with-dsym";
				ENABLE_NS_ASSERTIONS = NO;
				ENABLE_STRICT_OBJC_MSGSEND = YES;
				ENABLE_USER_SCRIPT_SANDBOXING = YES;
				GCC_C_LANGUAGE_STANDARD = gnu17;
				GCC_NO_COMMON_BLOCKS = YES;
				GCC_WARN_64_TO_32_BIT_CONVERSION = YES;
				GCC_WARN_ABOUT_RETURN_TYPE = YES_ERROR;
				GCC_WARN_UNDECLARED_SELECTOR = YES;
				GCC_WARN_UNINITIALIZED_AUTOS = YES_AGGRESSIVE;
				GCC_WARN_UNUSED_FUNCTION = YES;
				GCC_WARN_UNUSED_VARIABLE = YES;
				IPHONEOS_DEPLOYMENT_TARGET = 17.5;
				LOCALIZATION_PREFERS_STRING_CATALOGS = YES;
				MTL_ENABLE_DEBUG_INFO = NO;
				MTL_FAST_MATH = YES;
				SDKROOT = iphoneos;
				SWIFT_COMPILATION_MODE = wholemodule;
				VALIDATE_PRODUCT = YES;
			};
			name = Release;
		};
		78A5D7F82C82D5FF0021DB61 /* Debug */ = {
			isa = XCBuildConfiguration;
			buildSettings = {
				ASSETCATALOG_COMPILER_APPICON_NAME = AppIcon;
				ASSETCATALOG_COMPILER_GLOBAL_ACCENT_COLOR_NAME = AccentColor;
				CODE_SIGN_STYLE = Automatic;
				CURRENT_PROJECT_VERSION = 1;
				DEVELOPMENT_ASSET_PATHS = "\"MathQuiz/Preview Content\"";
				ENABLE_PREVIEWS = YES;
				GENERATE_INFOPLIST_FILE = YES;
				INFOPLIST_KEY_UIApplicationSceneManifest_Generation = YES;
				INFOPLIST_KEY_UIApplicationSupportsIndirectInputEvents = YES;
				INFOPLIST_KEY_UILaunchScreen_Generation = YES;
				INFOPLIST_KEY_UISupportedInterfaceOrientations_iPad = "UIInterfaceOrientationPortrait UIInterfaceOrientationPortraitUpsideDown UIInterfaceOrientationLandscapeLeft UIInterfaceOrientationLandscapeRight";
				INFOPLIST_KEY_UISupportedInterfaceOrientations_iPhone = "UIInterfaceOrientationPortrait UIInterfaceOrientationLandscapeLeft UIInterfaceOrientationLandscapeRight";
				LD_RUNPATH_SEARCH_PATHS = (
					"$(inherited)",
					"@executable_path/Frameworks",
				);
				MARKETING_VERSION = 1.0;
				PRODUCT_BUNDLE_IDENTIFIER = com.mathquiz.MathQuiz;
				PRODUCT_NAME = "$(TARGET_NAME)";
				SWIFT_EMIT_LOC_STRINGS = YES;
				SWIFT_VERSION = 5.0;
				TARGETED_DEVICE_FAMILY = "1,2";
			};
			name = Debug;
		};
		78A5D7F92C82D5FF0021DB61 /* Release */ = {
			isa = XCBuildConfiguration;
			buildSettings = {
				ASSETCATALOG_COMPILER_APPICON_NAME = AppIcon;
				ASSETCATALOG_COMPILER_GLOBAL_ACCENT_COLOR_NAME = AccentColor;
				CODE_SIGN_STYLE = Automatic;
				CURRENT_PROJECT_VERSION = 1;
				DEVELOPMENT_ASSET_PATHS = "\"MathQuiz/Preview Content\"";
				ENABLE_PREVIEWS = YES;
				GENERATE_INFOPLIST_FILE = YES;
				INFOPLIST_KEY_UIApplicationSceneManifest_Generation = YES;
				INFOPLIST_KEY_UIApplicationSupportsIndirectInputEvents = YES;
				INFOPLIST_KEY_UILaunchScreen_Generation = YES;
				INFOPLIST_KEY_UISupportedInterfaceOrientations_iPad = "UIInterfaceOrientationPortrait UIInterfaceOrientationPortraitUpsideDown UIInterfaceOrientationLandscapeLeft UIInterfaceOrientationLandscapeRight";
				INFOPLIST_KEY_UISupportedInterfaceOrientations_iPhone = "UIInterfaceOrientationPortrait UIInterfaceOrientationLandscapeLeft UIInterfaceOrientationLandscapeRight";
				LD_RUNPATH_SEARCH_PATHS = (
					"$(inherited)",
					"@executable_path/Frameworks",
				);
				MARKETING_VERSION = 1.0;
				PRODUCT_BUNDLE_IDENTIFIER = com.mathquiz.MathQuiz;
				PRODUCT_NAME = "$(TARGET_NAME)";
				SWIFT_EMIT_LOC_STRINGS = YES;
				SWIFT_VERSION = 5.0;
				TARGETED_DEVICE_FAMILY = "1,2";
			};
			name = Release;
		};
		78A5D7FB2C82D5FF0021DB61 /* Debug */ = {
			isa = XCBuildConfiguration;
			buildSettings = {
				ALWAYS_EMBED_SWIFT_STANDARD_LIBRARIES = YES;
				BUNDLE_LOADER = "$(TEST_HOST)";
				CODE_SIGN_STYLE = Automatic;
				CURRENT_PROJECT_VERSION = 1;
				GENERATE_INFOPLIST_FILE = YES;
				IPHONEOS_DEPLOYMENT_TARGET = 17.5;
				MARKETING_VERSION = 1.0;
				PRODUCT_BUNDLE_IDENTIFIER = com.mathquiz.MathQuizTests;
				PRODUCT_NAME = "$(TARGET_NAME)";
				SWIFT_EMIT_LOC_STRINGS = NO;
				SWIFT_VERSION = 5.0;
				TARGETED_DEVICE_FAMILY = "1,2";
				TEST_HOST = "$(BUILT_PRODUCTS_DIR)/MathQuiz.app/$(BUNDLE_EXECUTABLE_FOLDER_PATH)/MathQuiz";
			};
			name = Debug;
		};
		78A5D7FC2C82D5FF0021DB61 /* Release */ = {
			isa = XCBuildConfiguration;
			buildSettings = {
				ALWAYS_EMBED_SWIFT_STANDARD_LIBRARIES = YES;
				BUNDLE_LOADER = "$(TEST_HOST)";
				CODE_SIGN_STYLE = Automatic;
				CURRENT_PROJECT_VERSION = 1;
				GENERATE_INFOPLIST_FILE = YES;
				IPHONEOS_DEPLOYMENT_TARGET = 17.5;
				MARKETING_VERSION = 1.0;
				PRODUCT_BUNDLE_IDENTIFIER = com.mathquiz.MathQuizTests;
				PRODUCT_NAME = "$(TARGET_NAME)";
				SWIFT_EMIT_LOC_STRINGS = NO;
				SWIFT_VERSION = 5.0;
				TARGETED_DEVICE_FAMILY = "1,2";
				TEST_HOST = "$(BUILT_PRODUCTS_DIR)/MathQuiz.app/$(BUNDLE_EXECUTABLE_FOLDER_PATH)/MathQuiz";
			};
			name = Release;
		};
		78A5D7FE2C82D5FF0021DB61 /* Debug */ = {
			isa = XCBuildConfiguration;
			buildSettings = {
				ALWAYS_EMBED_SWIFT_STANDARD_LIBRARIES = YES;
				CODE_SIGN_STYLE = Automatic;
				CURRENT_PROJECT_VERSION = 1;
				GENERATE_INFOPLIST_FILE = YES;
				MARKETING_VERSION = 1.0;
				PRODUCT_BUNDLE_IDENTIFIER = com.mathquiz.MathQuizUITests;
				PRODUCT_NAME = "$(TARGET_NAME)";
				SWIFT_EMIT_LOC_STRINGS = NO;
				SWIFT_VERSION = 5.0;
				TARGETED_DEVICE_FAMILY = "1,2";
				TEST_TARGET_NAME = MathQuiz;
			};
			name = Debug;
		};
		78A5D7FF2C82D5FF0021DB61 /* Release */ = {
			isa = XCBuildConfiguration;
			buildSettings = {
				ALWAYS_EMBED_SWIFT_STANDARD_LIBRARIES = YES;
				CODE_SIGN_STYLE = Automatic;
				CURRENT_PROJECT_VERSION = 1;
				GENERATE_INFOPLIST_FILE = YES;
				MARKETING_VERSION = 1.0;
				PRODUCT_BUNDLE_IDENTIFIER = com.mathquiz.MathQuizUITests;
				PRODUCT_NAME = "$(TARGET_NAME)";
				SWIFT_EMIT_LOC_STRINGS = NO;
				SWIFT_VERSION = 5.0;
				TARGETED_DEVICE_FAMILY = "1,2";
				TEST_TARGET_NAME = MathQuiz;
			};
			name = Release;
		};
/* End XCBuildConfiguration section */

/* Begin XCConfigurationList section */
		78A5D7CE2C82D5FA0021DB61 /* Build configuration list for PBXProject "MathQuiz" */ = {
			isa = XCConfigurationList;
			buildConfigurations = (
				78A5D7F52C82D5FF0021DB61 /* Debug */,
				78A5D7F62C82D5FF0021DB61 /* Release */,
			);
			defaultConfigurationIsVisible = 0;
			defaultConfigurationName = Release;
		};
		78A5D7F72C82D5FF0021DB61 /* Build configuration list for PBXNativeTarget "MathQuiz" */ = {
			isa = XCConfigurationList;
			buildConfigurations = (
				78A5D7F82C82D5FF0021DB61 /* Debug */,
				78A5D7F92C82D5FF0021DB61 /* Release */,
			);
			defaultConfigurationIsVisible = 0;
			defaultConfigurationName = Release;
		};
		78A5D7FA2C82D5FF0021DB61 /* Build configuration list for PBXNativeTarget "MathQuizTests" */ = {
			isa = XCConfigurationList;
			buildConfigurations = (
				78A5D7FB2C82D5FF0021DB61 /* Debug */,
				78A5D7FC2C82D5FF0021DB61 /* Release */,
			);
			defaultConfigurationIsVisible = 0;
			defaultConfigurationName = Release;
		};
		78A5D7FD2C82D5FF0021DB61 /* Build configuration list for PBXNativeTarget "MathQuizUITests" */ = {
			isa = XCConfigurationList;
			buildConfigurations = (
				78A5D7FE2C82D5FF0021DB61 /* Debug */,
				78A5D7FF2C82D5FF0021DB61 /* Release */,
			);
			defaultConfigurationIsVisible = 0;
			defaultConfigurationName = Release;
		};
/* End XCConfigurationList section */
	};
	rootObject = 78A5D7CB2C82D5FA0021DB61 /* Project object */;
}
