// !$*UTF8*$!
{
	archiveVersion = 1;
	classes = {
	};
	objectVersion = 70;
	objects = {

/* Begin PBXBuildFile section */
		784AEB832CB64C2600B4570D /* Theme.swift in Sources */ = {isa = PBXBuildFile; fileRef = 784AEB822CB64C2600B4570D /* Theme.swift */; };
		784AEB852CB64C5300B4570D /* HistoryView.swift in Sources */ = {isa = PBXBuildFile; fileRef = 784AEB842CB64C5300B4570D /* HistoryView.swift */; };
		784AEB872CB64C6700B4570D /* ButtonStyles.swift in Sources */ = {isa = PBXBuildFile; fileRef = 784AEB862CB64C6700B4570D /* ButtonStyles.swift */; };
		784AEB892CBC5F4000B4570D /* QuizRowView.swift in Sources */ = {isa = PBXBuildFile; fileRef = 784AEB882CBC5F4000B4570D /* QuizRowView.swift */; };
		78947E922C83794A002FA20D /* Quiz.swift in Sources */ = {isa = PBXBuildFile; fileRef = 78947E912C83794A002FA20D /* Quiz.swift */; };
		78947E942C8389E2002FA20D /* User.swift in Sources */ = {isa = PBXBuildFile; fileRef = 78947E932C8389E2002FA20D /* User.swift */; };
		78947E962C838A44002FA20D /* Session.swift in Sources */ = {isa = PBXBuildFile; fileRef = 78947E952C838A44002FA20D /* Session.swift */; };
		78947E982C83CBFF002FA20D /* StartQuizView.swift in Sources */ = {isa = PBXBuildFile; fileRef = 78947E972C83CBFF002FA20D /* StartQuizView.swift */; };
		78947E9A2C840212002FA20D /* ResultView.swift in Sources */ = {isa = PBXBuildFile; fileRef = 78947E992C840212002FA20D /* ResultView.swift */; };
		78947E9E2C863170002FA20D /* Problem.swift in Sources */ = {isa = PBXBuildFile; fileRef = 78947E9D2C863170002FA20D /* Problem.swift */; };
		78947EA02C86427B002FA20D /* QuizViewModel.swift in Sources */ = {isa = PBXBuildFile; fileRef = 78947E9F2C86427B002FA20D /* QuizViewModel.swift */; };
		78947EA22C86DBFB002FA20D /* ProblemSectionView.swift in Sources */ = {isa = PBXBuildFile; fileRef = 78947EA12C86DBFB002FA20D /* ProblemSectionView.swift */; };
		789EB5802C92CBCD00D7B81E /* StartView.swift in Sources */ = {isa = PBXBuildFile; fileRef = 789EB57F2C92CBCD00D7B81E /* StartView.swift */; };
		789EB5822C948C4400D7B81E /* StartQuizViewModel.swift in Sources */ = {isa = PBXBuildFile; fileRef = 789EB5812C948C4400D7B81E /* StartQuizViewModel.swift */; };
		789EB5842C96627900D7B81E /* InputField.swift in Sources */ = {isa = PBXBuildFile; fileRef = 789EB5832C96627900D7B81E /* InputField.swift */; };
		789EB5862C96C81C00D7B81E /* CountDownView.swift in Sources */ = {isa = PBXBuildFile; fileRef = 789EB5852C96C81C00D7B81E /* CountDownView.swift */; };
		789EB5882C974A0D00D7B81E /* MyCountDownView.swift in Sources */ = {isa = PBXBuildFile; fileRef = 789EB5872C974A0D00D7B81E /* MyCountDownView.swift */; };
		789EB58A2C977A8400D7B81E /* Welcome.swift in Sources */ = {isa = PBXBuildFile; fileRef = 789EB5892C977A8400D7B81E /* Welcome.swift */; };
		789EB58E2CA9B10F00D7B81E /* QuizDao.swift in Sources */ = {isa = PBXBuildFile; fileRef = 789EB58D2CA9B10F00D7B81E /* QuizDao.swift */; };
		789EB5902CA9B1E400D7B81E /* QuizGenerator.swift in Sources */ = {isa = PBXBuildFile; fileRef = 789EB58F2CA9B1E400D7B81E /* QuizGenerator.swift */; };
		789EB5922CA9D62C00D7B81E /* SessionDao.swift in Sources */ = {isa = PBXBuildFile; fileRef = 789EB5912CA9D62C00D7B81E /* SessionDao.swift */; };
		789EB5942CAA2F7B00D7B81E /* ReviewResultView.swift in Sources */ = {isa = PBXBuildFile; fileRef = 789EB5932CAA2F7A00D7B81E /* ReviewResultView.swift */; };
		789EB5962CAA515C00D7B81E /* MyMultiChoiceView.swift in Sources */ = {isa = PBXBuildFile; fileRef = 789EB5952CAA515C00D7B81E /* MyMultiChoiceView.swift */; };
		789EB59A2CAA58F800D7B81E /* CompletedReviewView.swift in Sources */ = {isa = PBXBuildFile; fileRef = 789EB5992CAA58F800D7B81E /* CompletedReviewView.swift */; };
		789EB59C2CAA5AB100D7B81E /* ChoiceRowView.swift in Sources */ = {isa = PBXBuildFile; fileRef = 789EB59B2CAA5AB100D7B81E /* ChoiceRowView.swift */; };
		789EB5A62CAC13E200D7B81E /* Score.swift in Sources */ = {isa = PBXBuildFile; fileRef = 789EB5A52CAC13E200D7B81E /* Score.swift */; };
		78A5D7D72C82D5FB0021DB61 /* MathQuizApp.swift in Sources */ = {isa = PBXBuildFile; fileRef = 78A5D7D62C82D5FB0021DB61 /* MathQuizApp.swift */; };
		78A5D7D92C82D5FB0021DB61 /* QuizView.swift in Sources */ = {isa = PBXBuildFile; fileRef = 78A5D7D82C82D5FB0021DB61 /* QuizView.swift */; };
		78A5D7DB2C82D5FE0021DB61 /* Assets.xcassets in Resources */ = {isa = PBXBuildFile; fileRef = 78A5D7DA2C82D5FE0021DB61 /* Assets.xcassets */; };
		78A5D7DE2C82D5FE0021DB61 /* Preview Assets.xcassets in Resources */ = {isa = PBXBuildFile; fileRef = 78A5D7DD2C82D5FE0021DB61 /* Preview Assets.xcassets */; };
		78A5D7E82C82D5FE0021DB61 /* MathQuizTests.swift in Sources */ = {isa = PBXBuildFile; fileRef = 78A5D7E72C82D5FE0021DB61 /* MathQuizTests.swift */; };
		78A5D7F22C82D5FF0021DB61 /* MathQuizUITests.swift in Sources */ = {isa = PBXBuildFile; fileRef = 78A5D7F12C82D5FF0021DB61 /* MathQuizUITests.swift */; };
		78A5D7F42C82D5FF0021DB61 /* MathQuizUITestsLaunchTests.swift in Sources */ = {isa = PBXBuildFile; fileRef = 78A5D7F32C82D5FF0021DB61 /* MathQuizUITestsLaunchTests.swift */; };
		78A5D8012C82F0C40021DB61 /* ChoiceRow.swift in Sources */ = {isa = PBXBuildFile; fileRef = 78A5D8002C82F0C40021DB61 /* ChoiceRow.swift */; };
		78AEDDA42C8E287B00C0A4B0 /* GoogleService-Info.plist in Resources */ = {isa = PBXBuildFile; fileRef = 78AEDDA32C8E287B00C0A4B0 /* GoogleService-Info.plist */; };
		78AEDDA72C8E2BCF00C0A4B0 /* FirebaseAnalytics in Frameworks */ = {isa = PBXBuildFile; productRef = 78AEDDA62C8E2BCF00C0A4B0 /* FirebaseAnalytics */; };
		78AEDDA92C8E2BCF00C0A4B0 /* FirebaseAuth in Frameworks */ = {isa = PBXBuildFile; productRef = 78AEDDA82C8E2BCF00C0A4B0 /* FirebaseAuth */; };
		78AEDDAB2C8E2BCF00C0A4B0 /* FirebaseDatabase in Frameworks */ = {isa = PBXBuildFile; productRef = 78AEDDAA2C8E2BCF00C0A4B0 /* FirebaseDatabase */; };
		78AEDDAD2C8E2BCF00C0A4B0 /* FirebaseFirestore in Frameworks */ = {isa = PBXBuildFile; productRef = 78AEDDAC2C8E2BCF00C0A4B0 /* FirebaseFirestore */; };
		78E1E8112CB09D3100C9EBCB /* NavigationManager.swift in Sources */ = {isa = PBXBuildFile; fileRef = 78E1E8102CB09D3100C9EBCB /* NavigationManager.swift */; };
		78ECA1C12C88BE5D00095A6F /* MultiChoiceView.swift in Sources */ = {isa = PBXBuildFile; fileRef = 78ECA1C02C88BE5C00095A6F /* MultiChoiceView.swift */; };
		78F556ED2CAC349400CFBE12 /* Utility.swift in Sources */ = {isa = PBXBuildFile; fileRef = 78F556EC2CAC349400CFBE12 /* Utility.swift */; };
		78F556EF2CAD8D1D00CFBE12 /* ProfileView.swift in Sources */ = {isa = PBXBuildFile; fileRef = 78F556EE2CAD8D1D00CFBE12 /* ProfileView.swift */; };
		78F556F12CADA08400CFBE12 /* ProfileViewModel.swift in Sources */ = {isa = PBXBuildFile; fileRef = 78F556F02CADA08400CFBE12 /* ProfileViewModel.swift */; };
/* End PBXBuildFile section */

/* Begin PBXContainerItemProxy section */
		78A5D7E42C82D5FE0021DB61 /* PBXContainerItemProxy */ = {
			isa = PBXContainerItemProxy;
			containerPortal = 78A5D7CB2C82D5FA0021DB61 /* Project object */;
			proxyType = 1;
			remoteGlobalIDString = 78A5D7D22C82D5FB0021DB61;
			remoteInfo = MathQuiz;
		};
		78A5D7EE2C82D5FF0021DB61 /* PBXContainerItemProxy */ = {
			isa = PBXContainerItemProxy;
			containerPortal = 78A5D7CB2C82D5FA0021DB61 /* Project object */;
			proxyType = 1;
			remoteGlobalIDString = 78A5D7D22C82D5FB0021DB61;
			remoteInfo = MathQuiz;
		};
/* End PBXContainerItemProxy section */

/* Begin PBXFileReference section */
		784AEB822CB64C2600B4570D /* Theme.swift */ = {isa = PBXFileReference; fileEncoding = 4; lastKnownFileType = sourcecode.swift; name = Theme.swift; path = MathQuiz/Theme.swift; sourceTree = "<group>"; };
		784AEB842CB64C5300B4570D /* HistoryView.swift */ = {isa = PBXFileReference; fileEncoding = 4; lastKnownFileType = sourcecode.swift; name = HistoryView.swift; path = MathQuiz/Views/History/HistoryView.swift; sourceTree = "<group>"; };
		784AEB862CB64C6700B4570D /* ButtonStyles.swift */ = {isa = PBXFileReference; fileEncoding = 4; lastKnownFileType = sourcecode.swift; name = ButtonStyles.swift; path = MathQuiz/Views/Common/ButtonStyles.swift; sourceTree = "<group>"; };
		784AEB882CBC5F4000B4570D /* QuizRowView.swift */ = {isa = PBXFileReference; lastKnownFileType = sourcecode.swift; path = QuizRowView.swift; sourceTree = "<group>"; };
		78947E912C83794A002FA20D /* Quiz.swift */ = {isa = PBXFileReference; lastKnownFileType = sourcecode.swift; path = Quiz.swift; sourceTree = "<group>"; };
		78947E932C8389E2002FA20D /* User.swift */ = {isa = PBXFileReference; lastKnownFileType = sourcecode.swift; path = User.swift; sourceTree = "<group>"; };
		78947E952C838A44002FA20D /* Session.swift */ = {isa = PBXFileReference; lastKnownFileType = sourcecode.swift; path = Session.swift; sourceTree = "<group>"; };
		78947E972C83CBFF002FA20D /* StartQuizView.swift */ = {isa = PBXFileReference; lastKnownFileType = sourcecode.swift; path = StartQuizView.swift; sourceTree = "<group>"; };
		78947E992C840212002FA20D /* ResultView.swift */ = {isa = PBXFileReference; lastKnownFileType = sourcecode.swift; path = ResultView.swift; sourceTree = "<group>"; };
		78947E9D2C863170002FA20D /* Problem.swift */ = {isa = PBXFileReference; lastKnownFileType = sourcecode.swift; path = Problem.swift; sourceTree = "<group>"; };
		78947E9F2C86427B002FA20D /* QuizViewModel.swift */ = {isa = PBXFileReference; lastKnownFileType = sourcecode.swift; path = QuizViewModel.swift; sourceTree = "<group>"; };
		78947EA12C86DBFB002FA20D /* ProblemSectionView.swift */ = {isa = PBXFileReference; lastKnownFileType = sourcecode.swift; path = ProblemSectionView.swift; sourceTree = "<group>"; };
		789EB57F2C92CBCD00D7B81E /* StartView.swift */ = {isa = PBXFileReference; lastKnownFileType = sourcecode.swift; path = StartView.swift; sourceTree = "<group>"; };
		789EB5812C948C4400D7B81E /* StartQuizViewModel.swift */ = {isa = PBXFileReference; lastKnownFileType = sourcecode.swift; path = StartQuizViewModel.swift; sourceTree = "<group>"; };
		789EB5832C96627900D7B81E /* InputField.swift */ = {isa = PBXFileReference; lastKnownFileType = sourcecode.swift; path = InputField.swift; sourceTree = "<group>"; };
		789EB5852C96C81C00D7B81E /* CountDownView.swift */ = {isa = PBXFileReference; lastKnownFileType = sourcecode.swift; path = CountDownView.swift; sourceTree = "<group>"; };
		789EB5872C974A0D00D7B81E /* MyCountDownView.swift */ = {isa = PBXFileReference; lastKnownFileType = sourcecode.swift; path = MyCountDownView.swift; sourceTree = "<group>"; };
		789EB5892C977A8400D7B81E /* Welcome.swift */ = {isa = PBXFileReference; lastKnownFileType = sourcecode.swift; path = Welcome.swift; sourceTree = "<group>"; };
		789EB58D2CA9B10F00D7B81E /* QuizDao.swift */ = {isa = PBXFileReference; lastKnownFileType = sourcecode.swift; path = QuizDao.swift; sourceTree = "<group>"; };
		789EB58F2CA9B1E400D7B81E /* QuizGenerator.swift */ = {isa = PBXFileReference; lastKnownFileType = sourcecode.swift; path = QuizGenerator.swift; sourceTree = "<group>"; };
		789EB5912CA9D62C00D7B81E /* SessionDao.swift */ = {isa = PBXFileReference; lastKnownFileType = sourcecode.swift; path = SessionDao.swift; sourceTree = "<group>"; };
		789EB5932CAA2F7A00D7B81E /* ReviewResultView.swift */ = {isa = PBXFileReference; lastKnownFileType = sourcecode.swift; path = ReviewResultView.swift; sourceTree = "<group>"; };
		789EB5952CAA515C00D7B81E /* MyMultiChoiceView.swift */ = {isa = PBXFileReference; lastKnownFileType = sourcecode.swift; path = MyMultiChoiceView.swift; sourceTree = "<group>"; };
		789EB5992CAA58F800D7B81E /* CompletedReviewView.swift */ = {isa = PBXFileReference; lastKnownFileType = sourcecode.swift; path = CompletedReviewView.swift; sourceTree = "<group>"; };
		789EB59B2CAA5AB100D7B81E /* ChoiceRowView.swift */ = {isa = PBXFileReference; lastKnownFileType = sourcecode.swift; name = ChoiceRowView.swift; path = MathQuiz/Views/ChoiceRowView.swift; sourceTree = "<group>"; };
		789EB5A52CAC13E200D7B81E /* Score.swift */ = {isa = PBXFileReference; lastKnownFileType = sourcecode.swift; path = Score.swift; sourceTree = "<group>"; };
		78A5D7D32C82D5FB0021DB61 /* MathQuiz.app */ = {isa = PBXFileReference; explicitFileType = wrapper.application; includeInIndex = 0; path = MathQuiz.app; sourceTree = BUILT_PRODUCTS_DIR; };
		78A5D7D62C82D5FB0021DB61 /* MathQuizApp.swift */ = {isa = PBXFileReference; lastKnownFileType = sourcecode.swift; path = MathQuizApp.swift; sourceTree = "<group>"; };
		78A5D7D82C82D5FB0021DB61 /* QuizView.swift */ = {isa = PBXFileReference; lastKnownFileType = sourcecode.swift; path = QuizView.swift; sourceTree = "<group>"; };
		78A5D7DA2C82D5FE0021DB61 /* Assets.xcassets */ = {isa = PBXFileReference; lastKnownFileType = folder.assetcatalog; path = Assets.xcassets; sourceTree = "<group>"; };
		78A5D7DD2C82D5FE0021DB61 /* Preview Assets.xcassets */ = {isa = PBXFileReference; lastKnownFileType = folder.assetcatalog; path = "Preview Assets.xcassets"; sourceTree = "<group>"; };
		78A5D7E32C82D5FE0021DB61 /* MathQuizTests.xctest */ = {isa = PBXFileReference; explicitFileType = wrapper.cfbundle; includeInIndex = 0; path = MathQuizTests.xctest; sourceTree = BUILT_PRODUCTS_DIR; };
		78A5D7E72C82D5FE0021DB61 /* MathQuizTests.swift */ = {isa = PBXFileReference; lastKnownFileType = sourcecode.swift; path = MathQuizTests.swift; sourceTree = "<group>"; };
		78A5D7ED2C82D5FF0021DB61 /* MathQuizUITests.xctest */ = {isa = PBXFileReference; explicitFileType = wrapper.cfbundle; includeInIndex = 0; path = MathQuizUITests.xctest; sourceTree = BUILT_PRODUCTS_DIR; };
		78A5D7F12C82D5FF0021DB61 /* MathQuizUITests.swift */ = {isa = PBXFileReference; lastKnownFileType = sourcecode.swift; path = MathQuizUITests.swift; sourceTree = "<group>"; };
		78A5D7F32C82D5FF0021DB61 /* MathQuizUITestsLaunchTests.swift */ = {isa = PBXFileReference; lastKnownFileType = sourcecode.swift; path = MathQuizUITestsLaunchTests.swift; sourceTree = "<group>"; };
		78A5D8002C82F0C40021DB61 /* ChoiceRow.swift */ = {isa = PBXFileReference; lastKnownFileType = sourcecode.swift; path = ChoiceRow.swift; sourceTree = "<group>"; };
		78AEDDA32C8E287B00C0A4B0 /* GoogleService-Info.plist */ = {isa = PBXFileReference; fileEncoding = 4; lastKnownFileType = text.plist.xml; path = "GoogleService-Info.plist"; sourceTree = "<group>"; };
		78E1E8102CB09D3100C9EBCB /* NavigationManager.swift */ = {isa = PBXFileReference; lastKnownFileType = sourcecode.swift; name = NavigationManager.swift; path = MathQuiz/NavigationManager.swift; sourceTree = SOURCE_ROOT; };
		78ECA1C02C88BE5C00095A6F /* MultiChoiceView.swift */ = {isa = PBXFileReference; lastKnownFileType = sourcecode.swift; name = MultiChoiceView.swift; path = MathQuiz/Views/MultiChoiceView.swift; sourceTree = "<group>"; };
		78F556EC2CAC349400CFBE12 /* Utility.swift */ = {isa = PBXFileReference; lastKnownFileType = sourcecode.swift; path = Utility.swift; sourceTree = "<group>"; };
		78F556EE2CAD8D1D00CFBE12 /* ProfileView.swift */ = {isa = PBXFileReference; lastKnownFileType = sourcecode.swift; path = ProfileView.swift; sourceTree = "<group>"; };
		78F556F02CADA08400CFBE12 /* ProfileViewModel.swift */ = {isa = PBXFileReference; lastKnownFileType = sourcecode.swift; path = ProfileViewModel.swift; sourceTree = "<group>"; };
/* End PBXFileReference section */

/* Begin PBXFileSystemSynchronizedRootGroup section */
		78F125DA2CC5702A00A32CB9 /* Onboarding */ = {isa = PBXFileSystemSynchronizedRootGroup; explicitFileTypes = {}; explicitFolders = (); path = Onboarding; sourceTree = "<group>"; };
/* End PBXFileSystemSynchronizedRootGroup section */

/* Begin PBXFrameworksBuildPhase section */
		78A5D7D02C82D5FB0021DB61 /* Frameworks */ = {
			isa = PBXFrameworksBuildPhase;
			buildActionMask = 2147483647;
			files = (
				78AEDDAB2C8E2BCF00C0A4B0 /* FirebaseDatabase in Frameworks */,
				78AEDDAD2C8E2BCF00C0A4B0 /* FirebaseFirestore in Frameworks */,
				78AEDDA72C8E2BCF00C0A4B0 /* FirebaseAnalytics in Frameworks */,
				78AEDDA92C8E2BCF00C0A4B0 /* FirebaseAuth in Frameworks */,
			);
			runOnlyForDeploymentPostprocessing = 0;
		};
		78A5D7E02C82D5FE0021DB61 /* Frameworks */ = {
			isa = PBXFrameworksBuildPhase;
			buildActionMask = 2147483647;
			files = (
			);
			runOnlyForDeploymentPostprocessing = 0;
		};
		78A5D7EA2C82D5FE0021DB61 /* Frameworks */ = {
			isa = PBXFrameworksBuildPhase;
			buildActionMask = 2147483647;
			files = (
			);
			runOnlyForDeploymentPostprocessing = 0;
		};
/* End PBXFrameworksBuildPhase section */

/* Begin PBXGroup section */
		78947E9B2C863025002FA20D /* Model */ = {
			isa = PBXGroup;
			children = (
				78947E932C8389E2002FA20D /* User.swift */,
				78947E912C83794A002FA20D /* Quiz.swift */,
				789EB5A52CAC13E200D7B81E /* Score.swift */,
				78947E952C838A44002FA20D /* Session.swift */,
				78947E9D2C863170002FA20D /* Problem.swift */,
			);
			path = Model;
			sourceTree = "<group>";
		};
		78947E9C2C86302B002FA20D /* Views */ = {
			isa = PBXGroup;
			children = (
				78F125DA2CC5702A00A32CB9 /* Onboarding */,
				78947EA12C86DBFB002FA20D /* ProblemSectionView.swift */,
				78E1E8482CB3474A00C9EBCB /* Profile */,
				789EB5A22CABE9A600D7B81E /* StartQuiz */,
				789EB5A02CABE95B00D7B81E /* Result */,
				789EB59D2CABE88900D7B81E /* Quiz */,
				789EB5832C96627900D7B81E /* InputField.swift */,
				78F556EC2CAC349400CFBE12 /* Utility.swift */,
			);
			path = Views;
			sourceTree = "<group>";
		};
		789EB59D2CABE88900D7B81E /* Quiz */ = {
			isa = PBXGroup;
			children = (
				789EB5952CAA515C00D7B81E /* MyMultiChoiceView.swift */,
				78947E9F2C86427B002FA20D /* QuizViewModel.swift */,
				789EB58F2CA9B1E400D7B81E /* QuizGenerator.swift */,
				78A5D7D82C82D5FB0021DB61 /* QuizView.swift */,
			);
			path = Quiz;
			sourceTree = "<group>";
		};
		789EB5A02CABE95B00D7B81E /* Result */ = {
			isa = PBXGroup;
			children = (
				789EB5932CAA2F7A00D7B81E /* ReviewResultView.swift */,
				789EB5992CAA58F800D7B81E /* CompletedReviewView.swift */,
				78947E992C840212002FA20D /* ResultView.swift */,
			);
			path = Result;
			sourceTree = "<group>";
		};
		789EB5A22CABE9A600D7B81E /* StartQuiz */ = {
			isa = PBXGroup;
			children = (
				789EB57F2C92CBCD00D7B81E /* StartView.swift */,
				78947E972C83CBFF002FA20D /* StartQuizView.swift */,
				789EB5852C96C81C00D7B81E /* CountDownView.swift */,
				789EB5812C948C4400D7B81E /* StartQuizViewModel.swift */,
			);
			path = StartQuiz;
			sourceTree = "<group>";
		};
		789EB5A42CABE9DD00D7B81E /* Database */ = {
			isa = PBXGroup;
			children = (
				789EB58D2CA9B10F00D7B81E /* QuizDao.swift */,
				789EB5912CA9D62C00D7B81E /* SessionDao.swift */,
			);
			path = Database;
			sourceTree = "<group>";
		};
		78A5D7CA2C82D5FA0021DB61 = {
			isa = PBXGroup;
			children = (
				784AEB882CBC5F4000B4570D /* QuizRowView.swift */,
				784AEB862CB64C6700B4570D /* ButtonStyles.swift */,
				784AEB842CB64C5300B4570D /* HistoryView.swift */,
				784AEB822CB64C2600B4570D /* Theme.swift */,
				789EB59B2CAA5AB100D7B81E /* ChoiceRowView.swift */,
				789EB5892C977A8400D7B81E /* Welcome.swift */,
				789EB5872C974A0D00D7B81E /* MyCountDownView.swift */,
				78ECA1C02C88BE5C00095A6F /* MultiChoiceView.swift */,
				78A5D7D52C82D5FB0021DB61 /* MathQuiz */,
				78A5D7E62C82D5FE0021DB61 /* MathQuizTests */,
				78A5D7F02C82D5FF0021DB61 /* MathQuizUITests */,
				78A5D7D42C82D5FB0021DB61 /* Products */,
			);
			sourceTree = "<group>";
		};
		78A5D7D42C82D5FB0021DB61 /* Products */ = {
			isa = PBXGroup;
			children = (
				78A5D7D32C82D5FB0021DB61 /* MathQuiz.app */,
				78A5D7E32C82D5FE0021DB61 /* MathQuizTests.xctest */,
				78A5D7ED2C82D5FF0021DB61 /* MathQuizUITests.xctest */,
			);
			name = Products;
			sourceTree = "<group>";
		};
		78A5D7D52C82D5FB0021DB61 /* MathQuiz */ = {
			isa = PBXGroup;
			children = (
				78E1E8102CB09D3100C9EBCB /* NavigationManager.swift */,
				78947E9C2C86302B002FA20D /* Views */,
				78947E9B2C863025002FA20D /* Model */,
				789EB5A42CABE9DD00D7B81E /* Database */,
				78A5D7D62C82D5FB0021DB61 /* MathQuizApp.swift */,
				78A5D7DA2C82D5FE0021DB61 /* Assets.xcassets */,
				78AEDDA32C8E287B00C0A4B0 /* GoogleService-Info.plist */,
				78A5D7DC2C82D5FE0021DB61 /* Preview Content */,
				78A5D8002C82F0C40021DB61 /* ChoiceRow.swift */,
			);
			path = MathQuiz;
			sourceTree = "<group>";
		};
		78A5D7DC2C82D5FE0021DB61 /* Preview Content */ = {
			isa = PBXGroup;
			children = (
				78A5D7DD2C82D5FE0021DB61 /* Preview Assets.xcassets */,
			);
			path = "Preview Content";
			sourceTree = "<group>";
		};
		78A5D7E62C82D5FE0021DB61 /* MathQuizTests */ = {
			isa = PBXGroup;
			children = (
				78A5D7E72C82D5FE0021DB61 /* MathQuizTests.swift */,
			);
			path = MathQuizTests;
			sourceTree = "<group>";
		};
		78A5D7F02C82D5FF0021DB61 /* MathQuizUITests */ = {
			isa = PBXGroup;
			children = (
				78A5D7F12C82D5FF0021DB61 /* MathQuizUITests.swift */,
				78A5D7F32C82D5FF0021DB61 /* MathQuizUITestsLaunchTests.swift */,
			);
			path = MathQuizUITests;
			sourceTree = "<group>";
		};
		78E1E8482CB3474A00C9EBCB /* Profile */ = {
			isa = PBXGroup;
			children = (
				78F556EE2CAD8D1D00CFBE12 /* ProfileView.swift */,
				78F556F02CADA08400CFBE12 /* ProfileViewModel.swift */,
			);
			path = Profile;
			sourceTree = "<group>";
		};
/* End PBXGroup section */

/* Begin PBXNativeTarget section */
		78A5D7D22C82D5FB0021DB61 /* MathQuiz */ = {
			isa = PBXNativeTarget;
			buildConfigurationList = 78A5D7F72C82D5FF0021DB61 /* Build configuration list for PBXNativeTarget "MathQuiz" */;
			buildPhases = (
				78A5D7CF2C82D5FB0021DB61 /* Sources */,
				78A5D7D02C82D5FB0021DB61 /* Frameworks */,
				78A5D7D12C82D5FB0021DB61 /* Resources */,
			);
			buildRules = (
			);
			dependencies = (
			);
			fileSystemSynchronizedGroups = (
				78F125DA2CC5702A00A32CB9 /* Onboarding */,
			);
			name = MathQuiz;
			packageProductDependencies = (
				78AEDDA62C8E2BCF00C0A4B0 /* FirebaseAnalytics */,
				78AEDDA82C8E2BCF00C0A4B0 /* FirebaseAuth */,
				78AEDDAA2C8E2BCF00C0A4B0 /* FirebaseDatabase */,
				78AEDDAC2C8E2BCF00C0A4B0 /* FirebaseFirestore */,
			);
			productName = MathQuiz;
			productReference = 78A5D7D32C82D5FB0021DB61 /* MathQuiz.app */;
			productType = "com.apple.product-type.application";
		};
		78A5D7E22C82D5FE0021DB61 /* MathQuizTests */ = {
			isa = PBXNativeTarget;
			buildConfigurationList = 78A5D7FA2C82D5FF0021DB61 /* Build configuration list for PBXNativeTarget "MathQuizTests" */;
			buildPhases = (
				78A5D7DF2C82D5FE0021DB61 /* Sources */,
				78A5D7E02C82D5FE0021DB61 /* Frameworks */,
				78A5D7E12C82D5FE0021DB61 /* Resources */,
			);
			buildRules = (
			);
			dependencies = (
				78A5D7E52C82D5FE0021DB61 /* PBXTargetDependency */,
			);
			name = MathQuizTests;
			productName = MathQuizTests;
			productReference = 78A5D7E32C82D5FE0021DB61 /* MathQuizTests.xctest */;
			productType = "com.apple.product-type.bundle.unit-test";
		};
		78A5D7EC2C82D5FE0021DB61 /* MathQuizUITests */ = {
			isa = PBXNativeTarget;
			buildConfigurationList = 78A5D7FD2C82D5FF0021DB61 /* Build configuration list for PBXNativeTarget "MathQuizUITests" */;
			buildPhases = (
				78A5D7E92C82D5FE0021DB61 /* Sources */,
				78A5D7EA2C82D5FE0021DB61 /* Frameworks */,
				78A5D7EB2C82D5FE0021DB61 /* Resources */,
			);
			buildRules = (
			);
			dependencies = (
				78A5D7EF2C82D5FF0021DB61 /* PBXTargetDependency */,
			);
			name = MathQuizUITests;
			productName = MathQuizUITests;
			productReference = 78A5D7ED2C82D5FF0021DB61 /* MathQuizUITests.xctest */;
			productType = "com.apple.product-type.bundle.ui-testing";
		};
/* End PBXNativeTarget section */

/* Begin PBXProject section */
		78A5D7CB2C82D5FA0021DB61 /* Project object */ = {
			isa = PBXProject;
			attributes = {
				BuildIndependentTargetsInParallel = 1;
				LastSwiftUpdateCheck = 1540;
				LastUpgradeCheck = 1540;
				TargetAttributes = {
					78A5D7D22C82D5FB0021DB61 = {
						CreatedOnToolsVersion = 15.4;
					};
					78A5D7E22C82D5FE0021DB61 = {
						CreatedOnToolsVersion = 15.4;
						TestTargetID = 78A5D7D22C82D5FB0021DB61;
					};
					78A5D7EC2C82D5FE0021DB61 = {
						CreatedOnToolsVersion = 15.4;
						TestTargetID = 78A5D7D22C82D5FB0021DB61;
					};
				};
			};
			buildConfigurationList = 78A5D7CE2C82D5FA0021DB61 /* Build configuration list for PBXProject "MathQuiz" */;
			compatibilityVersion = "Xcode 14.0";
			developmentRegion = en;
			hasScannedForEncodings = 0;
			knownRegions = (
				en,
				Base,
			);
			mainGroup = 78A5D7CA2C82D5FA0021DB61;
			packageReferences = (
				78AEDDA52C8E28F000C0A4B0 /* XCRemoteSwiftPackageReference "firebase-ios-sdk" */,
			);
			productRefGroup = 78A5D7D42C82D5FB0021DB61 /* Products */;
			projectDirPath = "";
			projectRoot = "";
			targets = (
				78A5D7D22C82D5FB0021DB61 /* MathQuiz */,
				78A5D7E22C82D5FE0021DB61 /* MathQuizTests */,
				78A5D7EC2C82D5FE0021DB61 /* MathQuizUITests */,
			);
		};
/* End PBXProject section */

/* Begin PBXResourcesBuildPhase section */
		78A5D7D12C82D5FB0021DB61 /* Resources */ = {
			isa = PBXResourcesBuildPhase;
			buildActionMask = 2147483647;
			files = (
				78A5D7DE2C82D5FE0021DB61 /* Preview Assets.xcassets in Resources */,
				78A5D7DB2C82D5FE0021DB61 /* Assets.xcassets in Resources */,
				78AEDDA42C8E287B00C0A4B0 /* GoogleService-Info.plist in Resources */,
			);
			runOnlyForDeploymentPostprocessing = 0;
		};
		78A5D7E12C82D5FE0021DB61 /* Resources */ = {
			isa = PBXResourcesBuildPhase;
			buildActionMask = 2147483647;
			files = (
			);
			runOnlyForDeploymentPostprocessing = 0;
		};
		78A5D7EB2C82D5FE0021DB61 /* Resources */ = {
			isa = PBXResourcesBuildPhase;
			buildActionMask = 2147483647;
			files = (
			);
			runOnlyForDeploymentPostprocessing = 0;
		};
/* End PBXResourcesBuildPhase section */

/* Begin PBXSourcesBuildPhase section */
		78A5D7CF2C82D5FB0021DB61 /* Sources */ = {
			isa = PBXSourcesBuildPhase;
			buildActionMask = 2147483647;
			files = (
				789EB5862C96C81C00D7B81E /* CountDownView.swift in Sources */,
				78A5D7D92C82D5FB0021DB61 /* QuizView.swift in Sources */,
				78A5D7D72C82D5FB0021DB61 /* MathQuizApp.swift in Sources */,
				789EB58E2CA9B10F00D7B81E /* QuizDao.swift in Sources */,
				789EB5802C92CBCD00D7B81E /* StartView.swift in Sources */,
				789EB5902CA9B1E400D7B81E /* QuizGenerator.swift in Sources */,
				784AEB852CB64C5300B4570D /* HistoryView.swift in Sources */,
				789EB5822C948C4400D7B81E /* StartQuizViewModel.swift in Sources */,
				784AEB892CBC5F4000B4570D /* QuizRowView.swift in Sources */,
				78947EA22C86DBFB002FA20D /* ProblemSectionView.swift in Sources */,
				78947E922C83794A002FA20D /* Quiz.swift in Sources */,
				78947EA02C86427B002FA20D /* QuizViewModel.swift in Sources */,
				78E1E8112CB09D3100C9EBCB /* NavigationManager.swift in Sources */,
				784AEB872CB64C6700B4570D /* ButtonStyles.swift in Sources */,
				789EB5A62CAC13E200D7B81E /* Score.swift in Sources */,
				78947E962C838A44002FA20D /* Session.swift in Sources */,
				78947E942C8389E2002FA20D /* User.swift in Sources */,
				78F556F12CADA08400CFBE12 /* ProfileViewModel.swift in Sources */,
				789EB59C2CAA5AB100D7B81E /* ChoiceRowView.swift in Sources */,
				78947E9A2C840212002FA20D /* ResultView.swift in Sources */,
				789EB5842C96627900D7B81E /* InputField.swift in Sources */,
				789EB58A2C977A8400D7B81E /* Welcome.swift in Sources */,
				78F556EF2CAD8D1D00CFBE12 /* ProfileView.swift in Sources */,
				789EB5962CAA515C00D7B81E /* MyMultiChoiceView.swift in Sources */,
				78947E982C83CBFF002FA20D /* StartQuizView.swift in Sources */,
				78F556ED2CAC349400CFBE12 /* Utility.swift in Sources */,
				78ECA1C12C88BE5D00095A6F /* MultiChoiceView.swift in Sources */,
				789EB5922CA9D62C00D7B81E /* SessionDao.swift in Sources */,
				789EB59A2CAA58F800D7B81E /* CompletedReviewView.swift in Sources */,
				789EB5942CAA2F7B00D7B81E /* ReviewResultView.swift in Sources */,
				78947E9E2C863170002FA20D /* Problem.swift in Sources */,
				789EB5882C974A0D00D7B81E /* MyCountDownView.swift in Sources */,
				78A5D8012C82F0C40021DB61 /* ChoiceRow.swift in Sources */,
				784AEB832CB64C2600B4570D /* Theme.swift in Sources */,
			);
			runOnlyForDeploymentPostprocessing = 0;
		};
		78A5D7DF2C82D5FE0021DB61 /* Sources */ = {
			isa = PBXSourcesBuildPhase;
			buildActionMask = 2147483647;
			files = (
				78A5D7E82C82D5FE0021DB61 /* MathQuizTests.swift in Sources */,
			);
			runOnlyForDeploymentPostprocessing = 0;
		};
		78A5D7E92C82D5FE0021DB61 /* Sources */ = {
			isa = PBXSourcesBuildPhase;
			buildActionMask = 2147483647;
			files = (
				78A5D7F42C82D5FF0021DB61 /* MathQuizUITestsLaunchTests.swift in Sources */,
				78A5D7F22C82D5FF0021DB61 /* MathQuizUITests.swift in Sources */,
			);
			runOnlyForDeploymentPostprocessing = 0;
		};
/* End PBXSourcesBuildPhase section */

/* Begin PBXTargetDependency section */
		78A5D7E52C82D5FE0021DB61 /* PBXTargetDependency */ = {
			isa = PBXTargetDependency;
			target = 78A5D7D22C82D5FB0021DB61 /* MathQuiz */;
			targetProxy = 78A5D7E42C82D5FE0021DB61 /* PBXContainerItemProxy */;
		};
		78A5D7EF2C82D5FF0021DB61 /* PBXTargetDependency */ = {
			isa = PBXTargetDependency;
			target = 78A5D7D22C82D5FB0021DB61 /* MathQuiz */;
			targetProxy = 78A5D7EE2C82D5FF0021DB61 /* PBXContainerItemProxy */;
		};
/* End PBXTargetDependency section */

/* Begin XCBuildConfiguration section */
		78A5D7F52C82D5FF0021DB61 /* Debug */ = {
			isa = XCBuildConfiguration;
			buildSettings = {
				ALWAYS_SEARCH_USER_PATHS = NO;
				ASSETCATALOG_COMPILER_GENERATE_SWIFT_ASSET_SYMBOL_EXTENSIONS = YES;
				CLANG_ANALYZER_NONNULL = YES;
				CLANG_ANALYZER_NUMBER_OBJECT_CONVERSION = YES_AGGRESSIVE;
				CLANG_CXX_LANGUAGE_STANDARD = "gnu++20";
				CLANG_ENABLE_MODULES = YES;
				CLANG_ENABLE_OBJC_ARC = YES;
				CLANG_ENABLE_OBJC_WEAK = YES;
				CLANG_WARN_BLOCK_CAPTURE_AUTORELEASING = YES;
				CLANG_WARN_BOOL_CONVERSION = YES;
				CLANG_WARN_COMMA = YES;
				CLANG_WARN_CONSTANT_CONVERSION = YES;
				CLANG_WARN_DEPRECATED_OBJC_IMPLEMENTATIONS = YES;
				CLANG_WARN_DIRECT_OBJC_ISA_USAGE = YES_ERROR;
				CLANG_WARN_DOCUMENTATION_COMMENTS = YES;
				CLANG_WARN_EMPTY_BODY = YES;
				CLANG_WARN_ENUM_CONVERSION = YES;
				CLANG_WARN_INFINITE_RECURSION = YES;
				CLANG_WARN_INT_CONVERSION = YES;
				CLANG_WARN_NON_LITERAL_NULL_CONVERSION = YES;
				CLANG_WARN_OBJC_IMPLICIT_RETAIN_SELF = YES;
				CLANG_WARN_OBJC_LITERAL_CONVERSION = YES;
				CLANG_WARN_OBJC_ROOT_CLASS = YES_ERROR;
				CLANG_WARN_QUOTED_INCLUDE_IN_FRAMEWORK_HEADER = YES;
				CLANG_WARN_RANGE_LOOP_ANALYSIS = YES;
				CLANG_WARN_STRICT_PROTOTYPES = YES;
				CLANG_WARN_SUSPICIOUS_MOVE = YES;
				CLANG_WARN_UNGUARDED_AVAILABILITY = YES_AGGRESSIVE;
				CLANG_WARN_UNREACHABLE_CODE = YES;
				CLANG_WARN__DUPLICATE_METHOD_MATCH = YES;
				COPY_PHASE_STRIP = NO;
				DEBUG_INFORMATION_FORMAT = dwarf;
				ENABLE_STRICT_OBJC_MSGSEND = YES;
				ENABLE_TESTABILITY = YES;
				ENABLE_USER_SCRIPT_SANDBOXING = YES;
				GCC_C_LANGUAGE_STANDARD = gnu17;
				GCC_DYNAMIC_NO_PIC = NO;
				GCC_NO_COMMON_BLOCKS = YES;
				GCC_OPTIMIZATION_LEVEL = 0;
				GCC_PREPROCESSOR_DEFINITIONS = (
					"DEBUG=1",
					"$(inherited)",
				);
				GCC_WARN_64_TO_32_BIT_CONVERSION = YES;
				GCC_WARN_ABOUT_RETURN_TYPE = YES_ERROR;
				GCC_WARN_UNDECLARED_SELECTOR = YES;
				GCC_WARN_UNINITIALIZED_AUTOS = YES_AGGRESSIVE;
				GCC_WARN_UNUSED_FUNCTION = YES;
				GCC_WARN_UNUSED_VARIABLE = YES;
				IPHONEOS_DEPLOYMENT_TARGET = 17.5;
				LOCALIZATION_PREFERS_STRING_CATALOGS = YES;
				MTL_ENABLE_DEBUG_INFO = INCLUDE_SOURCE;
				MTL_FAST_MATH = YES;
				ONLY_ACTIVE_ARCH = YES;
				SDKROOT = iphoneos;
				SWIFT_ACTIVE_COMPILATION_CONDITIONS = "DEBUG $(inherited)";
				SWIFT_OPTIMIZATION_LEVEL = "-Onone";
			};
			name = Debug;
		};
		78A5D7F62C82D5FF0021DB61 /* Release */ = {
			isa = XCBuildConfiguration;
			buildSettings = {
				ALWAYS_SEARCH_USER_PATHS = NO;
				ASSETCATALOG_COMPILER_GENERATE_SWIFT_ASSET_SYMBOL_EXTENSIONS = YES;
				CLANG_ANALYZER_NONNULL = YES;
				CLANG_ANALYZER_NUMBER_OBJECT_CONVERSION = YES_AGGRESSIVE;
				CLANG_CXX_LANGUAGE_STANDARD = "gnu++20";
				CLANG_ENABLE_MODULES = YES;
				CLANG_ENABLE_OBJC_ARC = YES;
				CLANG_ENABLE_OBJC_WEAK = YES;
				CLANG_WARN_BLOCK_CAPTURE_AUTORELEASING = YES;
				CLANG_WARN_BOOL_CONVERSION = YES;
				CLANG_WARN_COMMA = YES;
				CLANG_WARN_CONSTANT_CONVERSION = YES;
				CLANG_WARN_DEPRECATED_OBJC_IMPLEMENTATIONS = YES;
				CLANG_WARN_DIRECT_OBJC_ISA_USAGE = YES_ERROR;
				CLANG_WARN_DOCUMENTATION_COMMENTS = YES;
				CLANG_WARN_EMPTY_BODY = YES;
				CLANG_WARN_ENUM_CONVERSION = YES;
				CLANG_WARN_INFINITE_RECURSION = YES;
				CLANG_WARN_INT_CONVERSION = YES;
				CLANG_WARN_NON_LITERAL_NULL_CONVERSION = YES;
				CLANG_WARN_OBJC_IMPLICIT_RETAIN_SELF = YES;
				CLANG_WARN_OBJC_LITERAL_CONVERSION = YES;
				CLANG_WARN_OBJC_ROOT_CLASS = YES_ERROR;
				CLANG_WARN_QUOTED_INCLUDE_IN_FRAMEWORK_HEADER = YES;
				CLANG_WARN_RANGE_LOOP_ANALYSIS = YES;
				CLANG_WARN_STRICT_PROTOTYPES = YES;
				CLANG_WARN_SUSPICIOUS_MOVE = YES;
				CLANG_WARN_UNGUARDED_AVAILABILITY = YES_AGGRESSIVE;
				CLANG_WARN_UNREACHABLE_CODE = YES;
				CLANG_WARN__DUPLICATE_METHOD_MATCH = YES;
				COPY_PHASE_STRIP = NO;
				DEBUG_INFORMATION_FORMAT = "dwarf-with-dsym";
				ENABLE_NS_ASSERTIONS = NO;
				ENABLE_STRICT_OBJC_MSGSEND = YES;
				ENABLE_USER_SCRIPT_SANDBOXING = YES;
				GCC_C_LANGUAGE_STANDARD = gnu17;
				GCC_NO_COMMON_BLOCKS = YES;
				GCC_WARN_64_TO_32_BIT_CONVERSION = YES;
				GCC_WARN_ABOUT_RETURN_TYPE = YES_ERROR;
				GCC_WARN_UNDECLARED_SELECTOR = YES;
				GCC_WARN_UNINITIALIZED_AUTOS = YES_AGGRESSIVE;
				GCC_WARN_UNUSED_FUNCTION = YES;
				GCC_WARN_UNUSED_VARIABLE = YES;
				IPHONEOS_DEPLOYMENT_TARGET = 17.5;
				LOCALIZATION_PREFERS_STRING_CATALOGS = YES;
				MTL_ENABLE_DEBUG_INFO = NO;
				MTL_FAST_MATH = YES;
				SDKROOT = iphoneos;
				SWIFT_COMPILATION_MODE = wholemodule;
				VALIDATE_PRODUCT = YES;
			};
			name = Release;
		};
		78A5D7F82C82D5FF0021DB61 /* Debug */ = {
			isa = XCBuildConfiguration;
			buildSettings = {
				ASSETCATALOG_COMPILER_APPICON_NAME = AppIcon;
				ASSETCATALOG_COMPILER_GLOBAL_ACCENT_COLOR_NAME = AccentColor;
				CODE_SIGN_STYLE = Automatic;
				CURRENT_PROJECT_VERSION = 1;
				DEVELOPMENT_ASSET_PATHS = "\"MathQuiz/Preview Content\"";
				DEVELOPMENT_TEAM = PXULVYCXF4;
				ENABLE_PREVIEWS = YES;
				GENERATE_INFOPLIST_FILE = YES;
				INFOPLIST_KEY_UIApplicationSceneManifest_Generation = YES;
				INFOPLIST_KEY_UIApplicationSupportsIndirectInputEvents = YES;
				INFOPLIST_KEY_UILaunchScreen_Generation = YES;
				INFOPLIST_KEY_UISupportedInterfaceOrientations_iPad = "UIInterfaceOrientationPortrait UIInterfaceOrientationPortraitUpsideDown UIInterfaceOrientationLandscapeLeft UIInterfaceOrientationLandscapeRight";
				INFOPLIST_KEY_UISupportedInterfaceOrientations_iPhone = "UIInterfaceOrientationPortrait UIInterfaceOrientationLandscapeLeft UIInterfaceOrientationLandscapeRight";
				LD_RUNPATH_SEARCH_PATHS = (
					"$(inherited)",
					"@executable_path/Frameworks",
				);
				MARKETING_VERSION = 1.0;
				PRODUCT_BUNDLE_IDENTIFIER = com.mathquiz.MathQuiz;
				PRODUCT_NAME = "$(TARGET_NAME)";
				SWIFT_EMIT_LOC_STRINGS = YES;
				SWIFT_VERSION = 5.0;
				TARGETED_DEVICE_FAMILY = "1,2";
			};
			name = Debug;
		};
		78A5D7F92C82D5FF0021DB61 /* Release */ = {
			isa = XCBuildConfiguration;
			buildSettings = {
				ASSETCATALOG_COMPILER_APPICON_NAME = AppIcon;
				ASSETCATALOG_COMPILER_GLOBAL_ACCENT_COLOR_NAME = AccentColor;
				CODE_SIGN_STYLE = Automatic;
				CURRENT_PROJECT_VERSION = 1;
				DEVELOPMENT_ASSET_PATHS = "\"MathQuiz/Preview Content\"";
				DEVELOPMENT_TEAM = PXULVYCXF4;
				ENABLE_PREVIEWS = YES;
				GENERATE_INFOPLIST_FILE = YES;
				INFOPLIST_KEY_UIApplicationSceneManifest_Generation = YES;
				INFOPLIST_KEY_UIApplicationSupportsIndirectInputEvents = YES;
				INFOPLIST_KEY_UILaunchScreen_Generation = YES;
				INFOPLIST_KEY_UISupportedInterfaceOrientations_iPad = "UIInterfaceOrientationPortrait UIInterfaceOrientationPortraitUpsideDown UIInterfaceOrientationLandscapeLeft UIInterfaceOrientationLandscapeRight";
				INFOPLIST_KEY_UISupportedInterfaceOrientations_iPhone = "UIInterfaceOrientationPortrait UIInterfaceOrientationLandscapeLeft UIInterfaceOrientationLandscapeRight";
				LD_RUNPATH_SEARCH_PATHS = (
					"$(inherited)",
					"@executable_path/Frameworks",
				);
				MARKETING_VERSION = 1.0;
				PRODUCT_BUNDLE_IDENTIFIER = com.mathquiz.MathQuiz;
				PRODUCT_NAME = "$(TARGET_NAME)";
				SWIFT_EMIT_LOC_STRINGS = YES;
				SWIFT_VERSION = 5.0;
				TARGETED_DEVICE_FAMILY = "1,2";
			};
			name = Release;
		};
		78A5D7FB2C82D5FF0021DB61 /* Debug */ = {
			isa = XCBuildConfiguration;
			buildSettings = {
				ALWAYS_EMBED_SWIFT_STANDARD_LIBRARIES = YES;
				BUNDLE_LOADER = "$(TEST_HOST)";
				CODE_SIGN_STYLE = Automatic;
				CURRENT_PROJECT_VERSION = 1;
				GENERATE_INFOPLIST_FILE = YES;
				IPHONEOS_DEPLOYMENT_TARGET = 17.5;
				MARKETING_VERSION = 1.0;
				PRODUCT_BUNDLE_IDENTIFIER = com.mathquiz.MathQuizTests;
				PRODUCT_NAME = "$(TARGET_NAME)";
				SWIFT_EMIT_LOC_STRINGS = NO;
				SWIFT_VERSION = 5.0;
				TARGETED_DEVICE_FAMILY = "1,2";
				TEST_HOST = "$(BUILT_PRODUCTS_DIR)/MathQuiz.app/$(BUNDLE_EXECUTABLE_FOLDER_PATH)/MathQuiz";
			};
			name = Debug;
		};
		78A5D7FC2C82D5FF0021DB61 /* Release */ = {
			isa = XCBuildConfiguration;
			buildSettings = {
				ALWAYS_EMBED_SWIFT_STANDARD_LIBRARIES = YES;
				BUNDLE_LOADER = "$(TEST_HOST)";
				CODE_SIGN_STYLE = Automatic;
				CURRENT_PROJECT_VERSION = 1;
				GENERATE_INFOPLIST_FILE = YES;
				IPHONEOS_DEPLOYMENT_TARGET = 17.5;
				MARKETING_VERSION = 1.0;
				PRODUCT_BUNDLE_IDENTIFIER = com.mathquiz.MathQuizTests;
				PRODUCT_NAME = "$(TARGET_NAME)";
				SWIFT_EMIT_LOC_STRINGS = NO;
				SWIFT_VERSION = 5.0;
				TARGETED_DEVICE_FAMILY = "1,2";
				TEST_HOST = "$(BUILT_PRODUCTS_DIR)/MathQuiz.app/$(BUNDLE_EXECUTABLE_FOLDER_PATH)/MathQuiz";
			};
			name = Release;
		};
		78A5D7FE2C82D5FF0021DB61 /* Debug */ = {
			isa = XCBuildConfiguration;
			buildSettings = {
				ALWAYS_EMBED_SWIFT_STANDARD_LIBRARIES = YES;
				CODE_SIGN_STYLE = Automatic;
				CURRENT_PROJECT_VERSION = 1;
				GENERATE_INFOPLIST_FILE = YES;
				MARKETING_VERSION = 1.0;
				PRODUCT_BUNDLE_IDENTIFIER = com.mathquiz.MathQuizUITests;
				PRODUCT_NAME = "$(TARGET_NAME)";
				SWIFT_EMIT_LOC_STRINGS = NO;
				SWIFT_VERSION = 5.0;
				TARGETED_DEVICE_FAMILY = "1,2";
				TEST_TARGET_NAME = MathQuiz;
			};
			name = Debug;
		};
		78A5D7FF2C82D5FF0021DB61 /* Release */ = {
			isa = XCBuildConfiguration;
			buildSettings = {
				ALWAYS_EMBED_SWIFT_STANDARD_LIBRARIES = YES;
				CODE_SIGN_STYLE = Automatic;
				CURRENT_PROJECT_VERSION = 1;
				GENERATE_INFOPLIST_FILE = YES;
				MARKETING_VERSION = 1.0;
				PRODUCT_BUNDLE_IDENTIFIER = com.mathquiz.MathQuizUITests;
				PRODUCT_NAME = "$(TARGET_NAME)";
				SWIFT_EMIT_LOC_STRINGS = NO;
				SWIFT_VERSION = 5.0;
				TARGETED_DEVICE_FAMILY = "1,2";
				TEST_TARGET_NAME = MathQuiz;
			};
			name = Release;
		};
/* End XCBuildConfiguration section */

/* Begin XCConfigurationList section */
		78A5D7CE2C82D5FA0021DB61 /* Build configuration list for PBXProject "MathQuiz" */ = {
			isa = XCConfigurationList;
			buildConfigurations = (
				78A5D7F52C82D5FF0021DB61 /* Debug */,
				78A5D7F62C82D5FF0021DB61 /* Release */,
			);
			defaultConfigurationIsVisible = 0;
			defaultConfigurationName = Release;
		};
		78A5D7F72C82D5FF0021DB61 /* Build configuration list for PBXNativeTarget "MathQuiz" */ = {
			isa = XCConfigurationList;
			buildConfigurations = (
				78A5D7F82C82D5FF0021DB61 /* Debug */,
				78A5D7F92C82D5FF0021DB61 /* Release */,
			);
			defaultConfigurationIsVisible = 0;
			defaultConfigurationName = Release;
		};
		78A5D7FA2C82D5FF0021DB61 /* Build configuration list for PBXNativeTarget "MathQuizTests" */ = {
			isa = XCConfigurationList;
			buildConfigurations = (
				78A5D7FB2C82D5FF0021DB61 /* Debug */,
				78A5D7FC2C82D5FF0021DB61 /* Release */,
			);
			defaultConfigurationIsVisible = 0;
			defaultConfigurationName = Release;
		};
		78A5D7FD2C82D5FF0021DB61 /* Build configuration list for PBXNativeTarget "MathQuizUITests" */ = {
			isa = XCConfigurationList;
			buildConfigurations = (
				78A5D7FE2C82D5FF0021DB61 /* Debug */,
				78A5D7FF2C82D5FF0021DB61 /* Release */,
			);
			defaultConfigurationIsVisible = 0;
			defaultConfigurationName = Release;
		};
/* End XCConfigurationList section */

/* Begin XCRemoteSwiftPackageReference section */
		78AEDDA52C8E28F000C0A4B0 /* XCRemoteSwiftPackageReference "firebase-ios-sdk" */ = {
			isa = XCRemoteSwiftPackageReference;
			repositoryURL = "https://github.com/firebase/firebase-ios-sdk.git";
			requirement = {
				kind = upToNextMajorVersion;
				minimumVersion = 11.1.0;
			};
		};
/* End XCRemoteSwiftPackageReference section */

/* Begin XCSwiftPackageProductDependency section */
		78AEDDA62C8E2BCF00C0A4B0 /* FirebaseAnalytics */ = {
			isa = XCSwiftPackageProductDependency;
			package = 78AEDDA52C8E28F000C0A4B0 /* XCRemoteSwiftPackageReference "firebase-ios-sdk" */;
			productName = FirebaseAnalytics;
		};
		78AEDDA82C8E2BCF00C0A4B0 /* FirebaseAuth */ = {
			isa = XCSwiftPackageProductDependency;
			package = 78AEDDA52C8E28F000C0A4B0 /* XCRemoteSwiftPackageReference "firebase-ios-sdk" */;
			productName = FirebaseAuth;
		};
		78AEDDAA2C8E2BCF00C0A4B0 /* FirebaseDatabase */ = {
			isa = XCSwiftPackageProductDependency;
			package = 78AEDDA52C8E28F000C0A4B0 /* XCRemoteSwiftPackageReference "firebase-ios-sdk" */;
			productName = FirebaseDatabase;
		};
		78AEDDAC2C8E2BCF00C0A4B0 /* FirebaseFirestore */ = {
			isa = XCSwiftPackageProductDependency;
			package = 78AEDDA52C8E28F000C0A4B0 /* XCRemoteSwiftPackageReference "firebase-ios-sdk" */;
			productName = FirebaseFirestore;
		};
/* End XCSwiftPackageProductDependency section */
	};
	rootObject = 78A5D7CB2C82D5FA0021DB61 /* Project object */;
}
